
Microsoft Visual Studio Solution File, Format Version 12.00
# Visual Studio Version 17
VisualStudioVersion = 17.0.32014.148
MinimumVisualStudioVersion = 10.0.40219.1
Project("{9A19103F-16F7-4668-BE54-9A1E7A4F7556}") = "HttpClientFactoryDemo", "HttpClientFactoryDemo\HttpClientFactoryDemo.csproj", "{724A83D0-232A-4AB0-928D-F3CBB1894E50}"
EndProject
Project("{FAE04EC0-301F-11D3-BF4B-00C04F79EFBC}") = "WebAPISample", "WebAPISample\WebAPISample.csproj", "{B4EC4D2F-1E96-4FB3-AB25-E43BC069D946}"
EndProject
Global
	GlobalSection(SolutionConfigurationPlatforms) = preSolution
		Debug|Any CPU = Debug|Any CPU
		Release|Any CPU = Release|Any CPU
	EndGlobalSection
	GlobalSection(ProjectConfigurationPlatforms) = postSolution
		{724A83D0-232A-4AB0-928D-F3CBB1894E50}.Debug|Any CPU.ActiveCfg = Debug|Any CPU
		{724A83D0-232A-4AB0-928D-F3CBB1894E50}.Debug|Any CPU.Build.0 = Debug|Any CPU
		{724A83D0-232A-4AB0-928D-F3CBB1894E50}.Release|Any CPU.ActiveCfg = Release|Any CPU
		{724A83D0-232A-4AB0-928D-F3CBB1894E50}.Release|Any CPU.Build.0 = Release|Any CPU
		{B4EC4D2F-1E96-4FB3-AB25-E43BC069D946}.Debug|Any CPU.ActiveCfg = Debug|Any CPU
		{B4EC4D2F-1E96-4FB3-AB25-E43BC069D946}.Debug|Any CPU.Build.0 = Debug|Any CPU
		{B4EC4D2F-1E96-4FB3-AB25-E43BC069D946}.Release|Any CPU.ActiveCfg = Release|Any CPU
		{B4EC4D2F-1E96-4FB3-AB25-E43BC069D946}.Release|Any CPU.Build.0 = Release|Any CPU
	EndGlobalSection
	GlobalSection(SolutionProperties) = preSolution
		HideSolutionNode = FALSE
	EndGlobalSection
	GlobalSection(ExtensibilityGlobals) = postSolution
		SolutionGuid = {8FD05185-A829-4D22-A89C-B0ED36497CF2}
	EndGlobalSection
EndGlobal
